// !$*UTF8*$!
{
	archiveVersion = 1;
	classes = {
	};
	objectVersion = 50;
	objects = {

/* Begin PBXBuildFile section */
		A0574BA953B5C7BBE64E9C92 /* libPods-Trials Australia.a in Frameworks */ = {isa = PBXBuildFile; fileRef = C0E2D5F2AC64B45DD24C97C5 /* libPods-Trials Australia.a */; };
		C91AA47721E70D0D007196BE /* EventDetailResponse.swift in Sources */ = {isa = PBXBuildFile; fileRef = C91AA47621E70D0D007196BE /* EventDetailResponse.swift */; };
		C91AA47921E70E5D007196BE /* Links.swift in Sources */ = {isa = PBXBuildFile; fileRef = C91AA47821E70E5D007196BE /* Links.swift */; };
		C91AA47B21E71614007196BE /* EventDetailViewModel.swift in Sources */ = {isa = PBXBuildFile; fileRef = C91AA47A21E71614007196BE /* EventDetailViewModel.swift */; };
		C91AA47D21E719E1007196BE /* GeoPointReference.swift in Sources */ = {isa = PBXBuildFile; fileRef = C91AA47C21E719E1007196BE /* GeoPointReference.swift */; };
		C91AA47F21E71BC2007196BE /* EventState.swift in Sources */ = {isa = PBXBuildFile; fileRef = C91AA47E21E71BC2007196BE /* EventState.swift */; };
		C91E220321E4BFA400ACF665 /* EventsListViewController.swift in Sources */ = {isa = PBXBuildFile; fileRef = C91E220121E4BFA400ACF665 /* EventsListViewController.swift */; };
		C91E220421E4BFA400ACF665 /* EventsListViewController.xib in Resources */ = {isa = PBXBuildFile; fileRef = C91E220221E4BFA400ACF665 /* EventsListViewController.xib */; };
		C91E220621E4C00800ACF665 /* EventListTableViewCell.swift in Sources */ = {isa = PBXBuildFile; fileRef = C91E220521E4C00800ACF665 /* EventListTableViewCell.swift */; };
		C91E220821E4C03900ACF665 /* EventListTableViewCell.xib in Resources */ = {isa = PBXBuildFile; fileRef = C91E220721E4C03900ACF665 /* EventListTableViewCell.xib */; };
		C91E220A21E4C18B00ACF665 /* EventPartialViewModel.swift in Sources */ = {isa = PBXBuildFile; fileRef = C91E220921E4C18B00ACF665 /* EventPartialViewModel.swift */; };
		C91E220D21E4C25600ACF665 /* EventListResponse.swift in Sources */ = {isa = PBXBuildFile; fileRef = C91E220C21E4C25600ACF665 /* EventListResponse.swift */; };
		C969236121B7DB0F00BFD8F6 /* AppController.swift in Sources */ = {isa = PBXBuildFile; fileRef = C969236021B7DB0F00BFD8F6 /* AppController.swift */; };
		C969236421B7DB1F00BFD8F6 /* NotificationService.swift in Sources */ = {isa = PBXBuildFile; fileRef = C969236321B7DB1F00BFD8F6 /* NotificationService.swift */; };
		C969236621B7DD9400BFD8F6 /* UserDefaults+Trials.swift in Sources */ = {isa = PBXBuildFile; fileRef = C969236521B7DD9400BFD8F6 /* UserDefaults+Trials.swift */; };
		C970C12A21E6BBC6002D68AA /* DateView.swift in Sources */ = {isa = PBXBuildFile; fileRef = C970C12921E6BBC6002D68AA /* DateView.swift */; };
		C970C12C21E6BBD0002D68AA /* DateView.xib in Resources */ = {isa = PBXBuildFile; fileRef = C970C12B21E6BBD0002D68AA /* DateView.xib */; };
		C970C12E21E6BD02002D68AA /* XibView.swift in Sources */ = {isa = PBXBuildFile; fileRef = C970C12D21E6BD02002D68AA /* XibView.swift */; };
		C970C13121E6BD37002D68AA /* BaseColor.swift in Sources */ = {isa = PBXBuildFile; fileRef = C970C13021E6BD37002D68AA /* BaseColor.swift */; };
		C970C13521E6CF82002D68AA /* EventDetailViewController.swift in Sources */ = {isa = PBXBuildFile; fileRef = C970C13321E6CF82002D68AA /* EventDetailViewController.swift */; };
		C970C13621E6CF82002D68AA /* EventDetailViewController.xib in Resources */ = {isa = PBXBuildFile; fileRef = C970C13421E6CF82002D68AA /* EventDetailViewController.xib */; };
		C970C13821E6FACF002D68AA /* EventsRouter.swift in Sources */ = {isa = PBXBuildFile; fileRef = C970C13721E6FACF002D68AA /* EventsRouter.swift */; };
		C970C13B21E6FC05002D68AA /* UIImage+Color.swift in Sources */ = {isa = PBXBuildFile; fileRef = C970C13A21E6FC05002D68AA /* UIImage+Color.swift */; };
		C970C13D21E6FC9F002D68AA /* MainRouter.swift in Sources */ = {isa = PBXBuildFile; fileRef = C970C13C21E6FC9F002D68AA /* MainRouter.swift */; };
		C9A57E7E218D6DD00029E033 /* AppDelegate.swift in Sources */ = {isa = PBXBuildFile; fileRef = C9A57E7D218D6DD00029E033 /* AppDelegate.swift */; };
		C9A57E80218D6DD00029E033 /* ViewController.swift in Sources */ = {isa = PBXBuildFile; fileRef = C9A57E7F218D6DD00029E033 /* ViewController.swift */; };
		C9A57E85218D6DD10029E033 /* Assets.xcassets in Resources */ = {isa = PBXBuildFile; fileRef = C9A57E84218D6DD10029E033 /* Assets.xcassets */; };
		C9A57E88218D6DD10029E033 /* LaunchScreen.storyboard in Resources */ = {isa = PBXBuildFile; fileRef = C9A57E86218D6DD10029E033 /* LaunchScreen.storyboard */; };
		C9A57E93218D6DD10029E033 /* AppDelegateTests.swift in Sources */ = {isa = PBXBuildFile; fileRef = C9A57E92218D6DD10029E033 /* AppDelegateTests.swift */; };
		C9A57E9E218D6DD10029E033 /* Trials_AustraliaUITests.swift in Sources */ = {isa = PBXBuildFile; fileRef = C9A57E9D218D6DD10029E033 /* Trials_AustraliaUITests.swift */; };
		C9A57EAC218D708D0029E033 /* AppDelegateTests.swift in Sources */ = {isa = PBXBuildFile; fileRef = C9A57EAB218D708D0029E033 /* AppDelegateTests.swift */; };
		C9FFA72821E4C7B400CF8E0E /* EventsAPI.swift in Sources */ = {isa = PBXBuildFile; fileRef = C9FFA72721E4C7B400CF8E0E /* EventsAPI.swift */; };
		C9FFA72A21E4C7F600CF8E0E /* TrialsError.swift in Sources */ = {isa = PBXBuildFile; fileRef = C9FFA72921E4C7F600CF8E0E /* TrialsError.swift */; };
		C9FFA72C21E4D23600CF8E0E /* EventsStyle.swift in Sources */ = {isa = PBXBuildFile; fileRef = C9FFA72B21E4D23600CF8E0E /* EventsStyle.swift */; };
/* End PBXBuildFile section */

/* Begin PBXContainerItemProxy section */
		C9A57E8F218D6DD10029E033 /* PBXContainerItemProxy */ = {
			isa = PBXContainerItemProxy;
			containerPortal = C9A57E72218D6DD00029E033 /* Project object */;
			proxyType = 1;
			remoteGlobalIDString = C9A57E79218D6DD00029E033;
			remoteInfo = "Trials Australia";
		};
		C9A57E9A218D6DD10029E033 /* PBXContainerItemProxy */ = {
			isa = PBXContainerItemProxy;
			containerPortal = C9A57E72218D6DD00029E033 /* Project object */;
			proxyType = 1;
			remoteGlobalIDString = C9A57E79218D6DD00029E033;
			remoteInfo = "Trials Australia";
		};
/* End PBXContainerItemProxy section */

/* Begin PBXFileReference section */
		07AD39CD34B44820875B273B /* Pods-Trials Australia.release.xcconfig */ = {isa = PBXFileReference; includeInIndex = 1; lastKnownFileType = text.xcconfig; name = "Pods-Trials Australia.release.xcconfig"; path = "Pods/Target Support Files/Pods-Trials Australia/Pods-Trials Australia.release.xcconfig"; sourceTree = "<group>"; };
		5D1C4A648B4D1D31502AB78C /* Pods-Trials Australia.debug.xcconfig */ = {isa = PBXFileReference; includeInIndex = 1; lastKnownFileType = text.xcconfig; name = "Pods-Trials Australia.debug.xcconfig"; path = "Pods/Target Support Files/Pods-Trials Australia/Pods-Trials Australia.debug.xcconfig"; sourceTree = "<group>"; };
		C0E2D5F2AC64B45DD24C97C5 /* libPods-Trials Australia.a */ = {isa = PBXFileReference; explicitFileType = archive.ar; includeInIndex = 0; path = "libPods-Trials Australia.a"; sourceTree = BUILT_PRODUCTS_DIR; };
		C91AA47621E70D0D007196BE /* EventDetailResponse.swift */ = {isa = PBXFileReference; lastKnownFileType = sourcecode.swift; path = EventDetailResponse.swift; sourceTree = "<group>"; };
		C91AA47821E70E5D007196BE /* Links.swift */ = {isa = PBXFileReference; lastKnownFileType = sourcecode.swift; path = Links.swift; sourceTree = "<group>"; };
		C91AA47A21E71614007196BE /* EventDetailViewModel.swift */ = {isa = PBXFileReference; lastKnownFileType = sourcecode.swift; path = EventDetailViewModel.swift; sourceTree = "<group>"; };
		C91AA47C21E719E1007196BE /* GeoPointReference.swift */ = {isa = PBXFileReference; lastKnownFileType = sourcecode.swift; path = GeoPointReference.swift; sourceTree = "<group>"; };
		C91AA47E21E71BC2007196BE /* EventState.swift */ = {isa = PBXFileReference; lastKnownFileType = sourcecode.swift; path = EventState.swift; sourceTree = "<group>"; };
		C91E220121E4BFA400ACF665 /* EventsListViewController.swift */ = {isa = PBXFileReference; lastKnownFileType = sourcecode.swift; path = EventsListViewController.swift; sourceTree = "<group>"; };
		C91E220221E4BFA400ACF665 /* EventsListViewController.xib */ = {isa = PBXFileReference; lastKnownFileType = file.xib; path = EventsListViewController.xib; sourceTree = "<group>"; };
		C91E220521E4C00800ACF665 /* EventListTableViewCell.swift */ = {isa = PBXFileReference; lastKnownFileType = sourcecode.swift; path = EventListTableViewCell.swift; sourceTree = "<group>"; };
		C91E220721E4C03900ACF665 /* EventListTableViewCell.xib */ = {isa = PBXFileReference; lastKnownFileType = file.xib; path = EventListTableViewCell.xib; sourceTree = "<group>"; };
		C91E220921E4C18B00ACF665 /* EventPartialViewModel.swift */ = {isa = PBXFileReference; lastKnownFileType = sourcecode.swift; path = EventPartialViewModel.swift; sourceTree = "<group>"; };
		C91E220C21E4C25600ACF665 /* EventListResponse.swift */ = {isa = PBXFileReference; lastKnownFileType = sourcecode.swift; path = EventListResponse.swift; sourceTree = "<group>"; };
		C969235E21B7DAA800BFD8F6 /* Trials Australia.entitlements */ = {isa = PBXFileReference; lastKnownFileType = text.plist.entitlements; path = "Trials Australia.entitlements"; sourceTree = "<group>"; };
		C969236021B7DB0F00BFD8F6 /* AppController.swift */ = {isa = PBXFileReference; lastKnownFileType = sourcecode.swift; path = AppController.swift; sourceTree = "<group>"; };
		C969236321B7DB1F00BFD8F6 /* NotificationService.swift */ = {isa = PBXFileReference; lastKnownFileType = sourcecode.swift; path = NotificationService.swift; sourceTree = "<group>"; };
		C969236521B7DD9400BFD8F6 /* UserDefaults+Trials.swift */ = {isa = PBXFileReference; lastKnownFileType = sourcecode.swift; path = "UserDefaults+Trials.swift"; sourceTree = "<group>"; };
		C970C12921E6BBC6002D68AA /* DateView.swift */ = {isa = PBXFileReference; lastKnownFileType = sourcecode.swift; path = DateView.swift; sourceTree = "<group>"; };
		C970C12B21E6BBD0002D68AA /* DateView.xib */ = {isa = PBXFileReference; lastKnownFileType = file.xib; path = DateView.xib; sourceTree = "<group>"; };
		C970C12D21E6BD02002D68AA /* XibView.swift */ = {isa = PBXFileReference; lastKnownFileType = sourcecode.swift; path = XibView.swift; sourceTree = "<group>"; };
		C970C13021E6BD37002D68AA /* BaseColor.swift */ = {isa = PBXFileReference; lastKnownFileType = sourcecode.swift; path = BaseColor.swift; sourceTree = "<group>"; };
		C970C13321E6CF82002D68AA /* EventDetailViewController.swift */ = {isa = PBXFileReference; lastKnownFileType = sourcecode.swift; path = EventDetailViewController.swift; sourceTree = "<group>"; };
		C970C13421E6CF82002D68AA /* EventDetailViewController.xib */ = {isa = PBXFileReference; lastKnownFileType = file.xib; path = EventDetailViewController.xib; sourceTree = "<group>"; };
		C970C13721E6FACF002D68AA /* EventsRouter.swift */ = {isa = PBXFileReference; lastKnownFileType = sourcecode.swift; path = EventsRouter.swift; sourceTree = "<group>"; };
		C970C13A21E6FC05002D68AA /* UIImage+Color.swift */ = {isa = PBXFileReference; lastKnownFileType = sourcecode.swift; path = "UIImage+Color.swift"; sourceTree = "<group>"; };
		C970C13C21E6FC9F002D68AA /* MainRouter.swift */ = {isa = PBXFileReference; lastKnownFileType = sourcecode.swift; path = MainRouter.swift; sourceTree = "<group>"; };
		C9A57E7A218D6DD00029E033 /* Trials Australia.app */ = {isa = PBXFileReference; explicitFileType = wrapper.application; includeInIndex = 0; path = "Trials Australia.app"; sourceTree = BUILT_PRODUCTS_DIR; };
		C9A57E7D218D6DD00029E033 /* AppDelegate.swift */ = {isa = PBXFileReference; lastKnownFileType = sourcecode.swift; path = AppDelegate.swift; sourceTree = "<group>"; };
		C9A57E7F218D6DD00029E033 /* ViewController.swift */ = {isa = PBXFileReference; lastKnownFileType = sourcecode.swift; path = ViewController.swift; sourceTree = "<group>"; };
		C9A57E84218D6DD10029E033 /* Assets.xcassets */ = {isa = PBXFileReference; lastKnownFileType = folder.assetcatalog; path = Assets.xcassets; sourceTree = "<group>"; };
		C9A57E87218D6DD10029E033 /* Base */ = {isa = PBXFileReference; lastKnownFileType = file.storyboard; name = Base; path = Base.lproj/LaunchScreen.storyboard; sourceTree = "<group>"; };
		C9A57E89218D6DD10029E033 /* Info.plist */ = {isa = PBXFileReference; lastKnownFileType = text.plist.xml; path = Info.plist; sourceTree = "<group>"; };
		C9A57E8E218D6DD10029E033 /* Trials AustraliaTests.xctest */ = {isa = PBXFileReference; explicitFileType = wrapper.cfbundle; includeInIndex = 0; path = "Trials AustraliaTests.xctest"; sourceTree = BUILT_PRODUCTS_DIR; };
		C9A57E92218D6DD10029E033 /* AppDelegateTests.swift */ = {isa = PBXFileReference; lastKnownFileType = sourcecode.swift; path = AppDelegateTests.swift; sourceTree = "<group>"; };
		C9A57E94218D6DD10029E033 /* Info.plist */ = {isa = PBXFileReference; lastKnownFileType = text.plist.xml; path = Info.plist; sourceTree = "<group>"; };
		C9A57E99218D6DD10029E033 /* Trials AustraliaUITests.xctest */ = {isa = PBXFileReference; explicitFileType = wrapper.cfbundle; includeInIndex = 0; path = "Trials AustraliaUITests.xctest"; sourceTree = BUILT_PRODUCTS_DIR; };
		C9A57E9D218D6DD10029E033 /* Trials_AustraliaUITests.swift */ = {isa = PBXFileReference; lastKnownFileType = sourcecode.swift; path = Trials_AustraliaUITests.swift; sourceTree = "<group>"; };
		C9A57E9F218D6DD10029E033 /* Info.plist */ = {isa = PBXFileReference; lastKnownFileType = text.plist.xml; path = Info.plist; sourceTree = "<group>"; };
		C9A57EAB218D708D0029E033 /* AppDelegateTests.swift */ = {isa = PBXFileReference; lastKnownFileType = sourcecode.swift; path = AppDelegateTests.swift; sourceTree = "<group>"; };
		C9FFA72721E4C7B400CF8E0E /* EventsAPI.swift */ = {isa = PBXFileReference; lastKnownFileType = sourcecode.swift; path = EventsAPI.swift; sourceTree = "<group>"; };
		C9FFA72921E4C7F600CF8E0E /* TrialsError.swift */ = {isa = PBXFileReference; lastKnownFileType = sourcecode.swift; path = TrialsError.swift; sourceTree = "<group>"; };
		C9FFA72B21E4D23600CF8E0E /* EventsStyle.swift */ = {isa = PBXFileReference; lastKnownFileType = sourcecode.swift; path = EventsStyle.swift; sourceTree = "<group>"; };
/* End PBXFileReference section */

/* Begin PBXFrameworksBuildPhase section */
		C9A57E77218D6DD00029E033 /* Frameworks */ = {
			isa = PBXFrameworksBuildPhase;
			buildActionMask = 2147483647;
			files = (
				A0574BA953B5C7BBE64E9C92 /* libPods-Trials Australia.a in Frameworks */,
			);
			runOnlyForDeploymentPostprocessing = 0;
		};
		C9A57E8B218D6DD10029E033 /* Frameworks */ = {
			isa = PBXFrameworksBuildPhase;
			buildActionMask = 2147483647;
			files = (
			);
			runOnlyForDeploymentPostprocessing = 0;
		};
		C9A57E96218D6DD10029E033 /* Frameworks */ = {
			isa = PBXFrameworksBuildPhase;
			buildActionMask = 2147483647;
			files = (
			);
			runOnlyForDeploymentPostprocessing = 0;
		};
/* End PBXFrameworksBuildPhase section */

/* Begin PBXGroup section */
		71D2AC1E7EED9DDE7F66CEAC /* Pods */ = {
			isa = PBXGroup;
			children = (
				5D1C4A648B4D1D31502AB78C /* Pods-Trials Australia.debug.xcconfig */,
				07AD39CD34B44820875B273B /* Pods-Trials Australia.release.xcconfig */,
			);
			name = Pods;
			sourceTree = "<group>";
		};
		79F3D6A9A63274D524A361BE /* Frameworks */ = {
			isa = PBXGroup;
			children = (
				C0E2D5F2AC64B45DD24C97C5 /* libPods-Trials Australia.a */,
			);
			name = Frameworks;
			sourceTree = "<group>";
		};
		C91E21FF21E4BF7F00ACF665 /* Scenes */ = {
			isa = PBXGroup;
			children = (
				C970C13C21E6FC9F002D68AA /* MainRouter.swift */,
				C970C13721E6FACF002D68AA /* EventsRouter.swift */,
				C970C13221E6CF6C002D68AA /* Event Detail */,
				C91E220021E4BF8700ACF665 /* Events List */,
			);
			path = Scenes;
			sourceTree = "<group>";
		};
		C91E220021E4BF8700ACF665 /* Events List */ = {
			isa = PBXGroup;
			children = (
				C91E220121E4BFA400ACF665 /* EventsListViewController.swift */,
				C91E220221E4BFA400ACF665 /* EventsListViewController.xib */,
				C91E220521E4C00800ACF665 /* EventListTableViewCell.swift */,
				C91E220721E4C03900ACF665 /* EventListTableViewCell.xib */,
				C91E220921E4C18B00ACF665 /* EventPartialViewModel.swift */,
				C9FFA72721E4C7B400CF8E0E /* EventsAPI.swift */,
				C9FFA72B21E4D23600CF8E0E /* EventsStyle.swift */,
			);
			path = "Events List";
			sourceTree = "<group>";
		};
		C91E220B21E4C24400ACF665 /* Models */ = {
			isa = PBXGroup;
			children = (
				C91E220C21E4C25600ACF665 /* EventListResponse.swift */,
				C91AA47621E70D0D007196BE /* EventDetailResponse.swift */,
				C91AA47821E70E5D007196BE /* Links.swift */,
				C91AA47C21E719E1007196BE /* GeoPointReference.swift */,
				C91AA47E21E71BC2007196BE /* EventState.swift */,
			);
			path = Models;
			sourceTree = "<group>";
		};
		C969235F21B7DB0600BFD8F6 /* Core */ = {
			isa = PBXGroup;
			children = (
				C969236221B7DB1300BFD8F6 /* Services */,
				C969236021B7DB0F00BFD8F6 /* AppController.swift */,
				C969236521B7DD9400BFD8F6 /* UserDefaults+Trials.swift */,
				C9FFA72921E4C7F600CF8E0E /* TrialsError.swift */,
			);
			path = Core;
			sourceTree = "<group>";
		};
		C969236221B7DB1300BFD8F6 /* Services */ = {
			isa = PBXGroup;
			children = (
				C969236321B7DB1F00BFD8F6 /* NotificationService.swift */,
			);
			path = Services;
			sourceTree = "<group>";
		};
		C970C12821E6BBA4002D68AA /* Views */ = {
			isa = PBXGroup;
			children = (
				C970C12921E6BBC6002D68AA /* DateView.swift */,
				C970C12B21E6BBD0002D68AA /* DateView.xib */,
				C970C12D21E6BD02002D68AA /* XibView.swift */,
			);
			path = Views;
			sourceTree = "<group>";
		};
		C970C12F21E6BD20002D68AA /* Resources */ = {
			isa = PBXGroup;
			children = (
				C9A57E84218D6DD10029E033 /* Assets.xcassets */,
				C970C13021E6BD37002D68AA /* BaseColor.swift */,
			);
			path = Resources;
			sourceTree = "<group>";
		};
		C970C13221E6CF6C002D68AA /* Event Detail */ = {
			isa = PBXGroup;
			children = (
				C970C13321E6CF82002D68AA /* EventDetailViewController.swift */,
				C970C13421E6CF82002D68AA /* EventDetailViewController.xib */,
				C91AA47A21E71614007196BE /* EventDetailViewModel.swift */,
			);
			path = "Event Detail";
			sourceTree = "<group>";
		};
		C970C13921E6FBF8002D68AA /* Extensions */ = {
			isa = PBXGroup;
			children = (
				C970C13A21E6FC05002D68AA /* UIImage+Color.swift */,
			);
			path = Extensions;
			sourceTree = "<group>";
		};
		C9A57E71218D6DD00029E033 = {
			isa = PBXGroup;
			children = (
				C9A57E7C218D6DD00029E033 /* Trials Australia */,
				C9A57E91218D6DD10029E033 /* Trials AustraliaTests */,
				C9A57E9C218D6DD10029E033 /* Trials AustraliaUITests */,
				C9A57E7B218D6DD00029E033 /* Products */,
				71D2AC1E7EED9DDE7F66CEAC /* Pods */,
				79F3D6A9A63274D524A361BE /* Frameworks */,
			);
			sourceTree = "<group>";
		};
		C9A57E7B218D6DD00029E033 /* Products */ = {
			isa = PBXGroup;
			children = (
				C9A57E7A218D6DD00029E033 /* Trials Australia.app */,
				C9A57E8E218D6DD10029E033 /* Trials AustraliaTests.xctest */,
				C9A57E99218D6DD10029E033 /* Trials AustraliaUITests.xctest */,
			);
			name = Products;
			sourceTree = "<group>";
		};
		C9A57E7C218D6DD00029E033 /* Trials Australia */ = {
			isa = PBXGroup;
			children = (
				C970C13921E6FBF8002D68AA /* Extensions */,
				C970C12F21E6BD20002D68AA /* Resources */,
				C970C12821E6BBA4002D68AA /* Views */,
				C91E220B21E4C24400ACF665 /* Models */,
				C91E21FF21E4BF7F00ACF665 /* Scenes */,
				C969235F21B7DB0600BFD8F6 /* Core */,
				C969235E21B7DAA800BFD8F6 /* Trials Australia.entitlements */,
				C9A57E7D218D6DD00029E033 /* AppDelegate.swift */,
				C9A57E7F218D6DD00029E033 /* ViewController.swift */,
				C9A57E86218D6DD10029E033 /* LaunchScreen.storyboard */,
				C9A57E89218D6DD10029E033 /* Info.plist */,
			);
			path = "Trials Australia";
			sourceTree = "<group>";
		};
		C9A57E91218D6DD10029E033 /* Trials AustraliaTests */ = {
			isa = PBXGroup;
			children = (
				C9A57E92218D6DD10029E033 /* AppDelegateTests.swift */,
				C9A57E94218D6DD10029E033 /* Info.plist */,
				C9A57EAB218D708D0029E033 /* AppDelegateTests.swift */,
			);
			path = "Trials AustraliaTests";
			sourceTree = "<group>";
		};
		C9A57E9C218D6DD10029E033 /* Trials AustraliaUITests */ = {
			isa = PBXGroup;
			children = (
				C9A57E9D218D6DD10029E033 /* Trials_AustraliaUITests.swift */,
				C9A57E9F218D6DD10029E033 /* Info.plist */,
			);
			path = "Trials AustraliaUITests";
			sourceTree = "<group>";
		};
/* End PBXGroup section */

/* Begin PBXNativeTarget section */
		C9A57E79218D6DD00029E033 /* Trials Australia */ = {
			isa = PBXNativeTarget;
			buildConfigurationList = C9A57EA2218D6DD10029E033 /* Build configuration list for PBXNativeTarget "Trials Australia" */;
			buildPhases = (
				9EDB249C98BA7602B0BD40CF /* [CP] Check Pods Manifest.lock */,
				C9A57E76218D6DD00029E033 /* Sources */,
				C9A57E77218D6DD00029E033 /* Frameworks */,
				C9A57E78218D6DD00029E033 /* Resources */,
			);
			buildRules = (
			);
			dependencies = (
			);
			name = "Trials Australia";
			productName = "Trials Australia";
			productReference = C9A57E7A218D6DD00029E033 /* Trials Australia.app */;
			productType = "com.apple.product-type.application";
		};
		C9A57E8D218D6DD10029E033 /* Trials AustraliaTests */ = {
			isa = PBXNativeTarget;
			buildConfigurationList = C9A57EA5218D6DD10029E033 /* Build configuration list for PBXNativeTarget "Trials AustraliaTests" */;
			buildPhases = (
				C9A57E8A218D6DD10029E033 /* Sources */,
				C9A57E8B218D6DD10029E033 /* Frameworks */,
				C9A57E8C218D6DD10029E033 /* Resources */,
			);
			buildRules = (
			);
			dependencies = (
				C9A57E90218D6DD10029E033 /* PBXTargetDependency */,
			);
			name = "Trials AustraliaTests";
			productName = "Trials AustraliaTests";
			productReference = C9A57E8E218D6DD10029E033 /* Trials AustraliaTests.xctest */;
			productType = "com.apple.product-type.bundle.unit-test";
		};
		C9A57E98218D6DD10029E033 /* Trials AustraliaUITests */ = {
			isa = PBXNativeTarget;
			buildConfigurationList = C9A57EA8218D6DD10029E033 /* Build configuration list for PBXNativeTarget "Trials AustraliaUITests" */;
			buildPhases = (
				C9A57E95218D6DD10029E033 /* Sources */,
				C9A57E96218D6DD10029E033 /* Frameworks */,
				C9A57E97218D6DD10029E033 /* Resources */,
			);
			buildRules = (
			);
			dependencies = (
				C9A57E9B218D6DD10029E033 /* PBXTargetDependency */,
			);
			name = "Trials AustraliaUITests";
			productName = "Trials AustraliaUITests";
			productReference = C9A57E99218D6DD10029E033 /* Trials AustraliaUITests.xctest */;
			productType = "com.apple.product-type.bundle.ui-testing";
		};
/* End PBXNativeTarget section */

/* Begin PBXProject section */
		C9A57E72218D6DD00029E033 /* Project object */ = {
			isa = PBXProject;
			attributes = {
				LastSwiftUpdateCheck = 1010;
				LastUpgradeCheck = 1010;
				ORGANIZATIONNAME = "Matt Langtree";
				TargetAttributes = {
					C9A57E79218D6DD00029E033 = {
						CreatedOnToolsVersion = 10.1;
						SystemCapabilities = {
							com.apple.Push = {
								enabled = 1;
							};
						};
					};
					C9A57E8D218D6DD10029E033 = {
						CreatedOnToolsVersion = 10.1;
						TestTargetID = C9A57E79218D6DD00029E033;
					};
					C9A57E98218D6DD10029E033 = {
						CreatedOnToolsVersion = 10.1;
						TestTargetID = C9A57E79218D6DD00029E033;
					};
				};
			};
			buildConfigurationList = C9A57E75218D6DD00029E033 /* Build configuration list for PBXProject "Trials Australia" */;
			compatibilityVersion = "Xcode 9.3";
			developmentRegion = en;
			hasScannedForEncodings = 0;
			knownRegions = (
				en,
				Base,
			);
			mainGroup = C9A57E71218D6DD00029E033;
			productRefGroup = C9A57E7B218D6DD00029E033 /* Products */;
			projectDirPath = "";
			projectRoot = "";
			targets = (
				C9A57E79218D6DD00029E033 /* Trials Australia */,
				C9A57E8D218D6DD10029E033 /* Trials AustraliaTests */,
				C9A57E98218D6DD10029E033 /* Trials AustraliaUITests */,
			);
		};
/* End PBXProject section */

/* Begin PBXResourcesBuildPhase section */
		C9A57E78218D6DD00029E033 /* Resources */ = {
			isa = PBXResourcesBuildPhase;
			buildActionMask = 2147483647;
			files = (
				C9A57E88218D6DD10029E033 /* LaunchScreen.storyboard in Resources */,
				C91E220421E4BFA400ACF665 /* EventsListViewController.xib in Resources */,
				C9A57E85218D6DD10029E033 /* Assets.xcassets in Resources */,
				C970C12C21E6BBD0002D68AA /* DateView.xib in Resources */,
				C91E220821E4C03900ACF665 /* EventListTableViewCell.xib in Resources */,
				C970C13621E6CF82002D68AA /* EventDetailViewController.xib in Resources */,
			);
			runOnlyForDeploymentPostprocessing = 0;
		};
		C9A57E8C218D6DD10029E033 /* Resources */ = {
			isa = PBXResourcesBuildPhase;
			buildActionMask = 2147483647;
			files = (
			);
			runOnlyForDeploymentPostprocessing = 0;
		};
		C9A57E97218D6DD10029E033 /* Resources */ = {
			isa = PBXResourcesBuildPhase;
			buildActionMask = 2147483647;
			files = (
			);
			runOnlyForDeploymentPostprocessing = 0;
		};
/* End PBXResourcesBuildPhase section */

/* Begin PBXShellScriptBuildPhase section */
		9EDB249C98BA7602B0BD40CF /* [CP] Check Pods Manifest.lock */ = {
			isa = PBXShellScriptBuildPhase;
			buildActionMask = 2147483647;
			files = (
			);
			inputFileListPaths = (
			);
			inputPaths = (
				"${PODS_PODFILE_DIR_PATH}/Podfile.lock",
				"${PODS_ROOT}/Manifest.lock",
			);
			name = "[CP] Check Pods Manifest.lock";
			outputFileListPaths = (
			);
			outputPaths = (
				"$(DERIVED_FILE_DIR)/Pods-Trials Australia-checkManifestLockResult.txt",
			);
			runOnlyForDeploymentPostprocessing = 0;
			shellPath = /bin/sh;
			shellScript = "diff \"${PODS_PODFILE_DIR_PATH}/Podfile.lock\" \"${PODS_ROOT}/Manifest.lock\" > /dev/null\nif [ $? != 0 ] ; then\n    # print error to STDERR\n    echo \"error: The sandbox is not in sync with the Podfile.lock. Run 'pod install' or update your CocoaPods installation.\" >&2\n    exit 1\nfi\n# This output is used by Xcode 'outputs' to avoid re-running this script phase.\necho \"SUCCESS\" > \"${SCRIPT_OUTPUT_FILE_0}\"\n";
			showEnvVarsInLog = 0;
		};
/* End PBXShellScriptBuildPhase section */

/* Begin PBXSourcesBuildPhase section */
		C9A57E76218D6DD00029E033 /* Sources */ = {
			isa = PBXSourcesBuildPhase;
			buildActionMask = 2147483647;
			files = (
				C969236421B7DB1F00BFD8F6 /* NotificationService.swift in Sources */,
				C970C12A21E6BBC6002D68AA /* DateView.swift in Sources */,
				C91E220A21E4C18B00ACF665 /* EventPartialViewModel.swift in Sources */,
				C9FFA72C21E4D23600CF8E0E /* EventsStyle.swift in Sources */,
				C91AA47921E70E5D007196BE /* Links.swift in Sources */,
				C91AA47721E70D0D007196BE /* EventDetailResponse.swift in Sources */,
				C91AA47B21E71614007196BE /* EventDetailViewModel.swift in Sources */,
				C91E220321E4BFA400ACF665 /* EventsListViewController.swift in Sources */,
				C91E220621E4C00800ACF665 /* EventListTableViewCell.swift in Sources */,
				C970C13821E6FACF002D68AA /* EventsRouter.swift in Sources */,
				C970C13121E6BD37002D68AA /* BaseColor.swift in Sources */,
				C9A57E80218D6DD00029E033 /* ViewController.swift in Sources */,
				C9FFA72821E4C7B400CF8E0E /* EventsAPI.swift in Sources */,
				C970C12E21E6BD02002D68AA /* XibView.swift in Sources */,
				C91AA47F21E71BC2007196BE /* EventState.swift in Sources */,
				C970C13B21E6FC05002D68AA /* UIImage+Color.swift in Sources */,
				C9A57E7E218D6DD00029E033 /* AppDelegate.swift in Sources */,
				C9FFA72A21E4C7F600CF8E0E /* TrialsError.swift in Sources */,
				C91AA47D21E719E1007196BE /* GeoPointReference.swift in Sources */,
				C969236621B7DD9400BFD8F6 /* UserDefaults+Trials.swift in Sources */,
				C969236121B7DB0F00BFD8F6 /* AppController.swift in Sources */,
				C970C13521E6CF82002D68AA /* EventDetailViewController.swift in Sources */,
				C91E220D21E4C25600ACF665 /* EventListResponse.swift in Sources */,
				C970C13D21E6FC9F002D68AA /* MainRouter.swift in Sources */,
			);
			runOnlyForDeploymentPostprocessing = 0;
		};
		C9A57E8A218D6DD10029E033 /* Sources */ = {
			isa = PBXSourcesBuildPhase;
			buildActionMask = 2147483647;
			files = (
				C9A57EAC218D708D0029E033 /* AppDelegateTests.swift in Sources */,
				C9A57E93218D6DD10029E033 /* AppDelegateTests.swift in Sources */,
			);
			runOnlyForDeploymentPostprocessing = 0;
		};
		C9A57E95218D6DD10029E033 /* Sources */ = {
			isa = PBXSourcesBuildPhase;
			buildActionMask = 2147483647;
			files = (
				C9A57E9E218D6DD10029E033 /* Trials_AustraliaUITests.swift in Sources */,
			);
			runOnlyForDeploymentPostprocessing = 0;
		};
/* End PBXSourcesBuildPhase section */

/* Begin PBXTargetDependency section */
		C9A57E90218D6DD10029E033 /* PBXTargetDependency */ = {
			isa = PBXTargetDependency;
			target = C9A57E79218D6DD00029E033 /* Trials Australia */;
			targetProxy = C9A57E8F218D6DD10029E033 /* PBXContainerItemProxy */;
		};
		C9A57E9B218D6DD10029E033 /* PBXTargetDependency */ = {
			isa = PBXTargetDependency;
			target = C9A57E79218D6DD00029E033 /* Trials Australia */;
			targetProxy = C9A57E9A218D6DD10029E033 /* PBXContainerItemProxy */;
		};
/* End PBXTargetDependency section */

/* Begin PBXVariantGroup section */
		C9A57E86218D6DD10029E033 /* LaunchScreen.storyboard */ = {
			isa = PBXVariantGroup;
			children = (
				C9A57E87218D6DD10029E033 /* Base */,
			);
			name = LaunchScreen.storyboard;
			sourceTree = "<group>";
		};
/* End PBXVariantGroup section */

/* Begin XCBuildConfiguration section */
		C9A57EA0218D6DD10029E033 /* Debug */ = {
			isa = XCBuildConfiguration;
			buildSettings = {
				ALWAYS_SEARCH_USER_PATHS = NO;
				CLANG_ANALYZER_NONNULL = YES;
				CLANG_ANALYZER_NUMBER_OBJECT_CONVERSION = YES_AGGRESSIVE;
				CLANG_CXX_LANGUAGE_STANDARD = "gnu++14";
				CLANG_CXX_LIBRARY = "libc++";
				CLANG_ENABLE_MODULES = YES;
				CLANG_ENABLE_OBJC_ARC = YES;
				CLANG_ENABLE_OBJC_WEAK = YES;
				CLANG_WARN_BLOCK_CAPTURE_AUTORELEASING = YES;
				CLANG_WARN_BOOL_CONVERSION = YES;
				CLANG_WARN_COMMA = YES;
				CLANG_WARN_CONSTANT_CONVERSION = YES;
				CLANG_WARN_DEPRECATED_OBJC_IMPLEMENTATIONS = YES;
				CLANG_WARN_DIRECT_OBJC_ISA_USAGE = YES_ERROR;
				CLANG_WARN_DOCUMENTATION_COMMENTS = YES;
				CLANG_WARN_EMPTY_BODY = YES;
				CLANG_WARN_ENUM_CONVERSION = YES;
				CLANG_WARN_INFINITE_RECURSION = YES;
				CLANG_WARN_INT_CONVERSION = YES;
				CLANG_WARN_NON_LITERAL_NULL_CONVERSION = YES;
				CLANG_WARN_OBJC_IMPLICIT_RETAIN_SELF = YES;
				CLANG_WARN_OBJC_LITERAL_CONVERSION = YES;
				CLANG_WARN_OBJC_ROOT_CLASS = YES_ERROR;
				CLANG_WARN_RANGE_LOOP_ANALYSIS = YES;
				CLANG_WARN_STRICT_PROTOTYPES = YES;
				CLANG_WARN_SUSPICIOUS_MOVE = YES;
				CLANG_WARN_UNGUARDED_AVAILABILITY = YES_AGGRESSIVE;
				CLANG_WARN_UNREACHABLE_CODE = YES;
				CLANG_WARN__DUPLICATE_METHOD_MATCH = YES;
				CODE_SIGN_IDENTITY = "iPhone Developer";
				COPY_PHASE_STRIP = NO;
				DEBUG_INFORMATION_FORMAT = dwarf;
				ENABLE_STRICT_OBJC_MSGSEND = YES;
				ENABLE_TESTABILITY = YES;
				GCC_C_LANGUAGE_STANDARD = gnu11;
				GCC_DYNAMIC_NO_PIC = NO;
				GCC_NO_COMMON_BLOCKS = YES;
				GCC_OPTIMIZATION_LEVEL = 0;
				GCC_PREPROCESSOR_DEFINITIONS = (
					"DEBUG=1",
					"$(inherited)",
				);
				GCC_WARN_64_TO_32_BIT_CONVERSION = YES;
				GCC_WARN_ABOUT_RETURN_TYPE = YES_ERROR;
				GCC_WARN_UNDECLARED_SELECTOR = YES;
				GCC_WARN_UNINITIALIZED_AUTOS = YES_AGGRESSIVE;
				GCC_WARN_UNUSED_FUNCTION = YES;
				GCC_WARN_UNUSED_VARIABLE = YES;
				IPHONEOS_DEPLOYMENT_TARGET = 12.1;
				MTL_ENABLE_DEBUG_INFO = INCLUDE_SOURCE;
				MTL_FAST_MATH = YES;
				ONLY_ACTIVE_ARCH = YES;
				SDKROOT = iphoneos;
				SWIFT_ACTIVE_COMPILATION_CONDITIONS = DEBUG;
				SWIFT_OPTIMIZATION_LEVEL = "-Onone";
			};
			name = Debug;
		};
		C9A57EA1218D6DD10029E033 /* Release */ = {
			isa = XCBuildConfiguration;
			buildSettings = {
				ALWAYS_SEARCH_USER_PATHS = NO;
				CLANG_ANALYZER_NONNULL = YES;
				CLANG_ANALYZER_NUMBER_OBJECT_CONVERSION = YES_AGGRESSIVE;
				CLANG_CXX_LANGUAGE_STANDARD = "gnu++14";
				CLANG_CXX_LIBRARY = "libc++";
				CLANG_ENABLE_MODULES = YES;
				CLANG_ENABLE_OBJC_ARC = YES;
				CLANG_ENABLE_OBJC_WEAK = YES;
				CLANG_WARN_BLOCK_CAPTURE_AUTORELEASING = YES;
				CLANG_WARN_BOOL_CONVERSION = YES;
				CLANG_WARN_COMMA = YES;
				CLANG_WARN_CONSTANT_CONVERSION = YES;
				CLANG_WARN_DEPRECATED_OBJC_IMPLEMENTATIONS = YES;
				CLANG_WARN_DIRECT_OBJC_ISA_USAGE = YES_ERROR;
				CLANG_WARN_DOCUMENTATION_COMMENTS = YES;
				CLANG_WARN_EMPTY_BODY = YES;
				CLANG_WARN_ENUM_CONVERSION = YES;
				CLANG_WARN_INFINITE_RECURSION = YES;
				CLANG_WARN_INT_CONVERSION = YES;
				CLANG_WARN_NON_LITERAL_NULL_CONVERSION = YES;
				CLANG_WARN_OBJC_IMPLICIT_RETAIN_SELF = YES;
				CLANG_WARN_OBJC_LITERAL_CONVERSION = YES;
				CLANG_WARN_OBJC_ROOT_CLASS = YES_ERROR;
				CLANG_WARN_RANGE_LOOP_ANALYSIS = YES;
				CLANG_WARN_STRICT_PROTOTYPES = YES;
				CLANG_WARN_SUSPICIOUS_MOVE = YES;
				CLANG_WARN_UNGUARDED_AVAILABILITY = YES_AGGRESSIVE;
				CLANG_WARN_UNREACHABLE_CODE = YES;
				CLANG_WARN__DUPLICATE_METHOD_MATCH = YES;
				CODE_SIGN_IDENTITY = "iPhone Developer";
				COPY_PHASE_STRIP = NO;
				DEBUG_INFORMATION_FORMAT = "dwarf-with-dsym";
				ENABLE_NS_ASSERTIONS = NO;
				ENABLE_STRICT_OBJC_MSGSEND = YES;
				GCC_C_LANGUAGE_STANDARD = gnu11;
				GCC_NO_COMMON_BLOCKS = YES;
				GCC_WARN_64_TO_32_BIT_CONVERSION = YES;
				GCC_WARN_ABOUT_RETURN_TYPE = YES_ERROR;
				GCC_WARN_UNDECLARED_SELECTOR = YES;
				GCC_WARN_UNINITIALIZED_AUTOS = YES_AGGRESSIVE;
				GCC_WARN_UNUSED_FUNCTION = YES;
				GCC_WARN_UNUSED_VARIABLE = YES;
				IPHONEOS_DEPLOYMENT_TARGET = 12.1;
				MTL_ENABLE_DEBUG_INFO = NO;
				MTL_FAST_MATH = YES;
				SDKROOT = iphoneos;
				SWIFT_COMPILATION_MODE = wholemodule;
				SWIFT_OPTIMIZATION_LEVEL = "-O";
				VALIDATE_PRODUCT = YES;
			};
			name = Release;
		};
		C9A57EA3218D6DD10029E033 /* Debug */ = {
			isa = XCBuildConfiguration;
			baseConfigurationReference = 5D1C4A648B4D1D31502AB78C /* Pods-Trials Australia.debug.xcconfig */;
			buildSettings = {
				ASSETCATALOG_COMPILER_APPICON_NAME = AppIcon;
				CODE_SIGN_ENTITLEMENTS = "Trials Australia/Trials Australia.entitlements";
				CODE_SIGN_STYLE = Automatic;
				DEVELOPMENT_TEAM = Y48LQG59RS;
				INFOPLIST_FILE = "Trials Australia/Info.plist";
				IPHONEOS_DEPLOYMENT_TARGET = 11.0;
				LD_RUNPATH_SEARCH_PATHS = (
					"$(inherited)",
					"@executable_path/Frameworks",
				);
				PRODUCT_BUNDLE_IDENTIFIER = au.com.trials.ios.development;
				PRODUCT_NAME = "$(TARGET_NAME)";
				SWIFT_VERSION = 4.2;
				TARGETED_DEVICE_FAMILY = "1,2";
			};
			name = Debug;
		};
		C9A57EA4218D6DD10029E033 /* Release */ = {
			isa = XCBuildConfiguration;
			baseConfigurationReference = 07AD39CD34B44820875B273B /* Pods-Trials Australia.release.xcconfig */;
			buildSettings = {
				ASSETCATALOG_COMPILER_APPICON_NAME = AppIcon;
				CODE_SIGN_ENTITLEMENTS = "Trials Australia/Trials Australia.entitlements";
				CODE_SIGN_STYLE = Automatic;
				DEVELOPMENT_TEAM = Y48LQG59RS;
				INFOPLIST_FILE = "Trials Australia/Info.plist";
				IPHONEOS_DEPLOYMENT_TARGET = 11.0;
				LD_RUNPATH_SEARCH_PATHS = (
					"$(inherited)",
					"@executable_path/Frameworks",
				);
				PRODUCT_BUNDLE_IDENTIFIER = au.com.trials.ios.development;
				PRODUCT_NAME = "$(TARGET_NAME)";
				SWIFT_VERSION = 4.2;
				TARGETED_DEVICE_FAMILY = "1,2";
			};
			name = Release;
		};
		C9A57EA6218D6DD10029E033 /* Debug */ = {
			isa = XCBuildConfiguration;
			buildSettings = {
				ALWAYS_EMBED_SWIFT_STANDARD_LIBRARIES = YES;
				BUNDLE_LOADER = "$(TEST_HOST)";
				CODE_SIGN_STYLE = Automatic;
				DEVELOPMENT_TEAM = 7S6S64AYQ9;
				INFOPLIST_FILE = "Trials AustraliaTests/Info.plist";
				LD_RUNPATH_SEARCH_PATHS = (
					"$(inherited)",
					"@executable_path/Frameworks",
					"@loader_path/Frameworks",
				);
				PRODUCT_BUNDLE_IDENTIFIER = "au.com.trials.ios.Trials-AustraliaTests";
				PRODUCT_NAME = "$(TARGET_NAME)";
				SWIFT_VERSION = 4.2;
				TARGETED_DEVICE_FAMILY = "1,2";
				TEST_HOST = "$(BUILT_PRODUCTS_DIR)/Trials Australia.app/Trials Australia";
			};
			name = Debug;
		};
		C9A57EA7218D6DD10029E033 /* Release */ = {
			isa = XCBuildConfiguration;
			buildSettings = {
				ALWAYS_EMBED_SWIFT_STANDARD_LIBRARIES = YES;
				BUNDLE_LOADER = "$(TEST_HOST)";
				CODE_SIGN_STYLE = Automatic;
				DEVELOPMENT_TEAM = 7S6S64AYQ9;
				INFOPLIST_FILE = "Trials AustraliaTests/Info.plist";
				LD_RUNPATH_SEARCH_PATHS = (
					"$(inherited)",
					"@executable_path/Frameworks",
					"@loader_path/Frameworks",
				);
				PRODUCT_BUNDLE_IDENTIFIER = "au.com.trials.ios.Trials-AustraliaTests";
				PRODUCT_NAME = "$(TARGET_NAME)";
				SWIFT_VERSION = 4.2;
				TARGETED_DEVICE_FAMILY = "1,2";
				TEST_HOST = "$(BUILT_PRODUCTS_DIR)/Trials Australia.app/Trials Australia";
			};
			name = Release;
		};
		C9A57EA9218D6DD10029E033 /* Debug */ = {
			isa = XCBuildConfiguration;
			buildSettings = {
				ALWAYS_EMBED_SWIFT_STANDARD_LIBRARIES = YES;
				CODE_SIGN_STYLE = Automatic;
				DEVELOPMENT_TEAM = 7S6S64AYQ9;
				INFOPLIST_FILE = "Trials AustraliaUITests/Info.plist";
				LD_RUNPATH_SEARCH_PATHS = (
					"$(inherited)",
					"@executable_path/Frameworks",
					"@loader_path/Frameworks",
				);
				PRODUCT_BUNDLE_IDENTIFIER = "au.com.trials.ios.Trials-AustraliaUITests";
				PRODUCT_NAME = "$(TARGET_NAME)";
				SWIFT_VERSION = 4.2;
				TARGETED_DEVICE_FAMILY = "1,2";
				TEST_TARGET_NAME = "Trials Australia";
			};
			name = Debug;
		};
		C9A57EAA218D6DD10029E033 /* Release */ = {
			isa = XCBuildConfiguration;
			buildSettings = {
				ALWAYS_EMBED_SWIFT_STANDARD_LIBRARIES = YES;
				CODE_SIGN_STYLE = Automatic;
				DEVELOPMENT_TEAM = 7S6S64AYQ9;
				INFOPLIST_FILE = "Trials AustraliaUITests/Info.plist";
				LD_RUNPATH_SEARCH_PATHS = (
					"$(inherited)",
					"@executable_path/Frameworks",
					"@loader_path/Frameworks",
				);
				PRODUCT_BUNDLE_IDENTIFIER = "au.com.trials.ios.Trials-AustraliaUITests";
				PRODUCT_NAME = "$(TARGET_NAME)";
				SWIFT_VERSION = 4.2;
				TARGETED_DEVICE_FAMILY = "1,2";
				TEST_TARGET_NAME = "Trials Australia";
			};
			name = Release;
		};
/* End XCBuildConfiguration section */

/* Begin XCConfigurationList section */
		C9A57E75218D6DD00029E033 /* Build configuration list for PBXProject "Trials Australia" */ = {
			isa = XCConfigurationList;
			buildConfigurations = (
				C9A57EA0218D6DD10029E033 /* Debug */,
				C9A57EA1218D6DD10029E033 /* Release */,
			);
			defaultConfigurationIsVisible = 0;
			defaultConfigurationName = Release;
		};
		C9A57EA2218D6DD10029E033 /* Build configuration list for PBXNativeTarget "Trials Australia" */ = {
			isa = XCConfigurationList;
			buildConfigurations = (
				C9A57EA3218D6DD10029E033 /* Debug */,
				C9A57EA4218D6DD10029E033 /* Release */,
			);
			defaultConfigurationIsVisible = 0;
			defaultConfigurationName = Release;
		};
		C9A57EA5218D6DD10029E033 /* Build configuration list for PBXNativeTarget "Trials AustraliaTests" */ = {
			isa = XCConfigurationList;
			buildConfigurations = (
				C9A57EA6218D6DD10029E033 /* Debug */,
				C9A57EA7218D6DD10029E033 /* Release */,
			);
			defaultConfigurationIsVisible = 0;
			defaultConfigurationName = Release;
		};
		C9A57EA8218D6DD10029E033 /* Build configuration list for PBXNativeTarget "Trials AustraliaUITests" */ = {
			isa = XCConfigurationList;
			buildConfigurations = (
				C9A57EA9218D6DD10029E033 /* Debug */,
				C9A57EAA218D6DD10029E033 /* Release */,
			);
			defaultConfigurationIsVisible = 0;
			defaultConfigurationName = Release;
		};
/* End XCConfigurationList section */
	};
	rootObject = C9A57E72218D6DD00029E033 /* Project object */;
}
